
Microsoft Visual Studio Solution File, Format Version 12.00
# Visual Studio Version 16
VisualStudioVersion = 16.0.30611.23
MinimumVisualStudioVersion = 10.0.40219.1
Project("{FAE04EC0-301F-11D3-BF4B-00C04F79EFBC}") = "BL", "BL\BL.csproj", "{26C3AA00-009A-4E0C-9684-5129AAEB250D}"
EndProject
Project("{FAE04EC0-301F-11D3-BF4B-00C04F79EFBC}") = "DAL", "DAL\DAL.csproj", "{FB5B0585-D2BA-4E05-8944-454B73728AE0}"
EndProject
Project("{FAE04EC0-301F-11D3-BF4B-00C04F79EFBC}") = "DataProtocol", "DataProtocol\DataProtocol.csproj", "{11D17E3A-D189-4BEF-B74E-4CD66AF69E28}"
EndProject
Project("{FAE04EC0-301F-11D3-BF4B-00C04F79EFBC}") = "Tests", "DALTests\Tests.csproj", "{AFB761AC-D64D-4026-8BAE-50C74DC3A0CD}"
EndProject
Project("{FAE04EC0-301F-11D3-BF4B-00C04F79EFBC}") = "EF6CodeFirst", "EF6CodeFirst\EF6CodeFirst.csproj", "{673F218A-3273-4001-B037-A65937D9D66C}"
EndProject
Project("{FAE04EC0-301F-11D3-BF4B-00C04F79EFBC}") = "PL", "PL\PL.csproj", "{9E485367-9397-4D2F-A5C8-EA577B383070}"
EndProject
Project("{FAE04EC0-301F-11D3-BF4B-00C04F79EFBC}") = "uploadImages", "uploadImages\uploadImages.csproj", "{FDD2D56E-A938-45E3-8580-F79490731AC0}"
EndProject
Global
	GlobalSection(SolutionConfigurationPlatforms) = preSolution
		Debug|Any CPU = Debug|Any CPU
		Release|Any CPU = Release|Any CPU
	EndGlobalSection
	GlobalSection(ProjectConfigurationPlatforms) = postSolution
		{26C3AA00-009A-4E0C-9684-5129AAEB250D}.Debug|Any CPU.ActiveCfg = Debug|Any CPU
		{26C3AA00-009A-4E0C-9684-5129AAEB250D}.Debug|Any CPU.Build.0 = Debug|Any CPU
		{26C3AA00-009A-4E0C-9684-5129AAEB250D}.Release|Any CPU.ActiveCfg = Release|Any CPU
		{26C3AA00-009A-4E0C-9684-5129AAEB250D}.Release|Any CPU.Build.0 = Release|Any CPU
		{FB5B0585-D2BA-4E05-8944-454B73728AE0}.Debug|Any CPU.ActiveCfg = Debug|Any CPU
		{FB5B0585-D2BA-4E05-8944-454B73728AE0}.Debug|Any CPU.Build.0 = Debug|Any CPU
		{FB5B0585-D2BA-4E05-8944-454B73728AE0}.Release|Any CPU.ActiveCfg = Release|Any CPU
		{FB5B0585-D2BA-4E05-8944-454B73728AE0}.Release|Any CPU.Build.0 = Release|Any CPU
		{11D17E3A-D189-4BEF-B74E-4CD66AF69E28}.Debug|Any CPU.ActiveCfg = Debug|Any CPU
		{11D17E3A-D189-4BEF-B74E-4CD66AF69E28}.Debug|Any CPU.Build.0 = Debug|Any CPU
		{11D17E3A-D189-4BEF-B74E-4CD66AF69E28}.Release|Any CPU.ActiveCfg = Release|Any CPU
		{11D17E3A-D189-4BEF-B74E-4CD66AF69E28}.Release|Any CPU.Build.0 = Release|Any CPU
		{AFB761AC-D64D-4026-8BAE-50C74DC3A0CD}.Debug|Any CPU.ActiveCfg = Debug|Any CPU
		{AFB761AC-D64D-4026-8BAE-50C74DC3A0CD}.Debug|Any CPU.Build.0 = Debug|Any CPU
		{AFB761AC-D64D-4026-8BAE-50C74DC3A0CD}.Release|Any CPU.ActiveCfg = Release|Any CPU
		{AFB761AC-D64D-4026-8BAE-50C74DC3A0CD}.Release|Any CPU.Build.0 = Release|Any CPU
		{673F218A-3273-4001-B037-A65937D9D66C}.Debug|Any CPU.ActiveCfg = Debug|Any CPU
		{673F218A-3273-4001-B037-A65937D9D66C}.Debug|Any CPU.Build.0 = Debug|Any CPU
		{673F218A-3273-4001-B037-A65937D9D66C}.Release|Any CPU.ActiveCfg = Release|Any CPU
		{673F218A-3273-4001-B037-A65937D9D66C}.Release|Any CPU.Build.0 = Release|Any CPU
		{9E485367-9397-4D2F-A5C8-EA577B383070}.Debug|Any CPU.ActiveCfg = Debug|Any CPU
		{9E485367-9397-4D2F-A5C8-EA577B383070}.Debug|Any CPU.Build.0 = Debug|Any CPU
		{9E485367-9397-4D2F-A5C8-EA577B383070}.Release|Any CPU.ActiveCfg = Release|Any CPU
		{9E485367-9397-4D2F-A5C8-EA577B383070}.Release|Any CPU.Build.0 = Release|Any CPU
		{FDD2D56E-A938-45E3-8580-F79490731AC0}.Debug|Any CPU.ActiveCfg = Debug|Any CPU
		{FDD2D56E-A938-45E3-8580-F79490731AC0}.Debug|Any CPU.Build.0 = Debug|Any CPU
		{FDD2D56E-A938-45E3-8580-F79490731AC0}.Release|Any CPU.ActiveCfg = Release|Any CPU
		{FDD2D56E-A938-45E3-8580-F79490731AC0}.Release|Any CPU.Build.0 = Release|Any CPU
	EndGlobalSection
	GlobalSection(SolutionProperties) = preSolution
		HideSolutionNode = FALSE
	EndGlobalSection
	GlobalSection(ExtensibilityGlobals) = postSolution
		SolutionGuid = {13C4370C-7EC9-41ED-BDE6-B56CAC7E3B35}
	EndGlobalSection
EndGlobal
